{
  "requires": true,
  "lockfileVersion": 1,
  "dependencies": {
    "conversational-form": {
      "version": "0.9.83",
      "resolved": "https://registry.npmjs.org/conversational-form/-/conversational-form-0.9.83.tgz",
      "integrity": "sha512-9dkgF2A9bvOn8ZdKWwIxPxBe5nSWYOPJd2IolpqU+PH4Krr6shiKfEq2lFGM6dbLmyUYu+yvUm2e7PaJGNenFg=="
    },
    "tingle.js": {
      "version": "0.13.2",
      "resolved": "https://registry.npmjs.org/tingle.js/-/tingle.js-0.13.2.tgz",
      "integrity": "sha512-hbfHZZ/sMo+JXM47GQb57b+0lgdy+o8D1pNINSQG98cvTyH+AusafgnklVL983nFU6psjz0wr/OcHOgF/5f/Vw=="
    },
    "typed.js": {
      "version": "2.0.9",
      "resolved": "https://registry.npmjs.org/typed.js/-/typed.js-2.0.9.tgz",
      "integrity": "sha512-RTv7MvbsJ0ajz3PW/o325kXo0+gZAGW9xoZQ9eXrdvTg9prvH5JgAVeAITYuh7OoGStl1yuJgcR07IO10l3Q3g=="
    }
  }
}
